// !$*UTF8*$!
{
	archiveVersion = 1;
	classes = {
	};
	objectVersion = 56;
	objects = {

/* Begin PBXBuildFile section */
		20901F49D669C16E4B6DF3F7 /* SwitcherViewModelTests.swift in Sources */ = {isa = PBXBuildFile; fileRef = 05C17047CEAC240CED272490 /* SwitcherViewModelTests.swift */; };
		A10000010000000000000001 /* AppDelegate.swift in Sources */ = {isa = PBXBuildFile; fileRef = A20000010000000000000001 /* AppDelegate.swift */; };
		A10000020000000000000002 /* HotkeyManager.swift in Sources */ = {isa = PBXBuildFile; fileRef = A20000020000000000000002 /* HotkeyManager.swift */; };
		A10000030000000000000003 /* WindowModel.swift in Sources */ = {isa = PBXBuildFile; fileRef = A20000030000000000000003 /* WindowModel.swift */; };
		A10000040000000000000004 /* WindowCapture.swift in Sources */ = {isa = PBXBuildFile; fileRef = A20000040000000000000004 /* WindowCapture.swift */; };
		A10000050000000000000005 /* SwitcherPanel.swift in Sources */ = {isa = PBXBuildFile; fileRef = A20000050000000000000005 /* SwitcherPanel.swift */; };
		A10000060000000000000006 /* ThumbnailView.swift in Sources */ = {isa = PBXBuildFile; fileRef = A20000060000000000000006 /* ThumbnailView.swift */; };
		A10000070000000000000007 /* WindowActivator.swift in Sources */ = {isa = PBXBuildFile; fileRef = A20000070000000000000007 /* WindowActivator.swift */; };
		A10000080000000000000008 /* PermissionManager.swift in Sources */ = {isa = PBXBuildFile; fileRef = A20000080000000000000008 /* PermissionManager.swift */; };
		A10000090000000000000009 /* PreferencesMenu.swift in Sources */ = {isa = PBXBuildFile; fileRef = A20000090000000000000009 /* PreferencesMenu.swift */; };
		A1000010000000000000000A /* Assets.xcassets in Resources */ = {isa = PBXBuildFile; fileRef = A2000010000000000000000A /* Assets.xcassets */; };
		A100001100000000000000B0 /* main.swift in Sources */ = {isa = PBXBuildFile; fileRef = A200001300000000000000B0 /* main.swift */; };
		A2C9B0786BADBFA90E04D26C /* ThumbnailRepositoryTests.swift in Sources */ = {isa = PBXBuildFile; fileRef = 6DFA125F7874BD7BE436D6A1 /* ThumbnailRepositoryTests.swift */; };
		A530815F6A213E923884DFA0 /* WindowActivatorTests.swift in Sources */ = {isa = PBXBuildFile; fileRef = 4B01C4DE25146C4EA2C03CBE /* WindowActivatorTests.swift */; };
		BA1010101 /* Protocols.swift in Sources */ = {isa = PBXBuildFile; fileRef = A1010101 /* Protocols.swift */; };
		BA1010102 /* AccessibilityService.swift in Sources */ = {isa = PBXBuildFile; fileRef = A1010102 /* AccessibilityService.swift */; };
		BA1010103 /* WindowEnumerationService.swift in Sources */ = {isa = PBXBuildFile; fileRef = A1010103 /* WindowEnumerationService.swift */; };
		BA1010104 /* ThumbnailRepository.swift in Sources */ = {isa = PBXBuildFile; fileRef = A1010104 /* ThumbnailRepository.swift */; };
		BF2BA1C12F83D59D005B9BE3 /* SettingsWindow.swift in Sources */ = {isa = PBXBuildFile; fileRef = BF2BA1C02F83D59D005B9BE3 /* SettingsWindow.swift */; };
		BF2BA1C32F847A63005B9BE3 /* AppDelegate.swift in Sources */ = {isa = PBXBuildFile; fileRef = BF2BA1C22F847A63005B9BE3 /* AppDelegate.swift */; };
		D6D4F592F5514633 /* MRUTracker.swift in Sources */ = {isa = PBXBuildFile; fileRef = C9159495798A4356 /* MRUTracker.swift */; };
		F8E9B2A3D5C14E18 /* WindowTracker.swift in Sources */ = {isa = PBXBuildFile; fileRef = E7F8A3B4C6D24F29 /* WindowTracker.swift */; };
		FE233A5F962A4750821BAE1F /* SwitcherViewModel.swift in Sources */ = {isa = PBXBuildFile; fileRef = D7B27C67E3DE414C8D30BA53 /* SwitcherViewModel.swift */; };
		HELPER0001 /* WindowInfoFactory.swift in Sources */ = {isa = PBXBuildFile; fileRef = HELPERFILE0001 /* WindowInfoFactory.swift */; };
		MOCK0001 /* MockAccessibilityService.swift in Sources */ = {isa = PBXBuildFile; fileRef = MOCKFILE0001 /* MockAccessibilityService.swift */; };
		MOCK0002 /* MockWindowEnumerator.swift in Sources */ = {isa = PBXBuildFile; fileRef = MOCKFILE0002 /* MockWindowEnumerator.swift */; };
		MOCK0003 /* MockThumbnailCache.swift in Sources */ = {isa = PBXBuildFile; fileRef = MOCKFILE0003 /* MockThumbnailCache.swift */; };
		MOCK0004 /* MockThumbnailCapture.swift in Sources */ = {isa = PBXBuildFile; fileRef = MOCKFILE0004 /* MockThumbnailCapture.swift */; };
		MOCK0005 /* MockMRUTracker.swift in Sources */ = {isa = PBXBuildFile; fileRef = MOCKFILE0005 /* MockMRUTracker.swift */; };
		MOCK0006 /* MockWindowTracker.swift in Sources */ = {isa = PBXBuildFile; fileRef = MOCKFILE0006 /* MockWindowTracker.swift */; };
		TEST0001 /* SanityTests.swift in Sources */ = {isa = PBXBuildFile; fileRef = TESTFILE0001 /* SanityTests.swift */; };
		TEST0002 /* MRUTrackerTests.swift in Sources */ = {isa = PBXBuildFile; fileRef = TESTFILE0002 /* MRUTrackerTests.swift */; };
		TEST0003 /* WindowEnumerationServiceTests.swift in Sources */ = {isa = PBXBuildFile; fileRef = TESTFILE0003 /* WindowEnumerationServiceTests.swift */; };
/* End PBXBuildFile section */

/* Begin PBXContainerItemProxy section */
		TESTPROXY0001 /* PBXContainerItemProxy */ = {
			isa = PBXContainerItemProxy;
			containerPortal = A90000010000000000000001 /* Project object */;
			proxyType = 1;
			remoteGlobalIDString = A60000010000000000000001;
			remoteInfo = AltTab;
		};
/* End PBXContainerItemProxy section */

/* Begin PBXFileReference section */
		05C17047CEAC240CED272490 /* SwitcherViewModelTests.swift */ = {isa = PBXFileReference; includeInIndex = 1; lastKnownFileType = sourcecode.swift; path = SwitcherViewModelTests.swift; sourceTree = "<group>"; };
		4B01C4DE25146C4EA2C03CBE /* WindowActivatorTests.swift */ = {isa = PBXFileReference; includeInIndex = 1; lastKnownFileType = sourcecode.swift; path = WindowActivatorTests.swift; sourceTree = "<group>"; };
		6DFA125F7874BD7BE436D6A1 /* ThumbnailRepositoryTests.swift */ = {isa = PBXFileReference; includeInIndex = 1; lastKnownFileType = sourcecode.swift; path = ThumbnailRepositoryTests.swift; sourceTree = "<group>"; };
		A1010101 /* Protocols.swift */ = {isa = PBXFileReference; lastKnownFileType = sourcecode.swift; path = Protocols.swift; sourceTree = "<group>"; };
		A1010102 /* AccessibilityService.swift */ = {isa = PBXFileReference; lastKnownFileType = sourcecode.swift; path = AccessibilityService.swift; sourceTree = "<group>"; };
		A1010103 /* WindowEnumerationService.swift */ = {isa = PBXFileReference; lastKnownFileType = sourcecode.swift; path = WindowEnumerationService.swift; sourceTree = "<group>"; };
		A1010104 /* ThumbnailRepository.swift */ = {isa = PBXFileReference; lastKnownFileType = sourcecode.swift; path = ThumbnailRepository.swift; sourceTree = "<group>"; };
		A20000010000000000000001 /* AppDelegate.swift */ = {isa = PBXFileReference; lastKnownFileType = sourcecode.swift; path = AppDelegate.swift; sourceTree = "<group>"; };
		A20000020000000000000002 /* HotkeyManager.swift */ = {isa = PBXFileReference; lastKnownFileType = sourcecode.swift; path = HotkeyManager.swift; sourceTree = "<group>"; };
		A20000030000000000000003 /* WindowModel.swift */ = {isa = PBXFileReference; lastKnownFileType = sourcecode.swift; path = WindowModel.swift; sourceTree = "<group>"; };
		A20000040000000000000004 /* WindowCapture.swift */ = {isa = PBXFileReference; lastKnownFileType = sourcecode.swift; path = WindowCapture.swift; sourceTree = "<group>"; };
		A20000050000000000000005 /* SwitcherPanel.swift */ = {isa = PBXFileReference; lastKnownFileType = sourcecode.swift; path = SwitcherPanel.swift; sourceTree = "<group>"; };
		A20000060000000000000006 /* ThumbnailView.swift */ = {isa = PBXFileReference; lastKnownFileType = sourcecode.swift; path = ThumbnailView.swift; sourceTree = "<group>"; };
		A20000070000000000000007 /* WindowActivator.swift */ = {isa = PBXFileReference; lastKnownFileType = sourcecode.swift; path = WindowActivator.swift; sourceTree = "<group>"; };
		A20000080000000000000008 /* PermissionManager.swift */ = {isa = PBXFileReference; lastKnownFileType = sourcecode.swift; path = PermissionManager.swift; sourceTree = "<group>"; };
		A20000090000000000000009 /* PreferencesMenu.swift */ = {isa = PBXFileReference; lastKnownFileType = sourcecode.swift; path = PreferencesMenu.swift; sourceTree = "<group>"; };
		A2000010000000000000000A /* Assets.xcassets */ = {isa = PBXFileReference; lastKnownFileType = folder.assetcatalog; path = Assets.xcassets; sourceTree = "<group>"; };
		A2000011000000000000000B /* Info.plist */ = {isa = PBXFileReference; lastKnownFileType = text.plist.xml; path = Info.plist; sourceTree = "<group>"; };
		A2000012000000000000000C /* AltTab.entitlements */ = {isa = PBXFileReference; lastKnownFileType = text.plist.entitlements; path = AltTab.entitlements; sourceTree = "<group>"; };
		A200001300000000000000B0 /* main.swift */ = {isa = PBXFileReference; lastKnownFileType = sourcecode.swift; path = main.swift; sourceTree = "<group>"; };
		A3000001000000000000000D /* AltTab.app */ = {isa = PBXFileReference; explicitFileType = wrapper.application; includeInIndex = 0; path = AltTab.app; sourceTree = BUILT_PRODUCTS_DIR; };
		BF2BA1C02F83D59D005B9BE3 /* SettingsWindow.swift */ = {isa = PBXFileReference; lastKnownFileType = sourcecode.swift; path = SettingsWindow.swift; sourceTree = "<group>"; };
		BF2BA1C22F847A63005B9BE3 /* AppDelegate.swift */ = {isa = PBXFileReference; lastKnownFileType = sourcecode.swift; path = AppDelegate.swift; sourceTree = "<group>"; };
		C9159495798A4356 /* MRUTracker.swift */ = {isa = PBXFileReference; lastKnownFileType = sourcecode.swift; path = MRUTracker.swift; sourceTree = "<group>"; };
		D7B27C67E3DE414C8D30BA53 /* SwitcherViewModel.swift */ = {isa = PBXFileReference; lastKnownFileType = sourcecode.swift; path = SwitcherViewModel.swift; sourceTree = "<group>"; };
		E7F8A3B4C6D24F29 /* WindowTracker.swift */ = {isa = PBXFileReference; lastKnownFileType = sourcecode.swift; path = WindowTracker.swift; sourceTree = "<group>"; };
		HELPERFILE0001 /* WindowInfoFactory.swift */ = {isa = PBXFileReference; lastKnownFileType = sourcecode.swift; path = WindowInfoFactory.swift; sourceTree = "<group>"; };
		MOCKFILE0001 /* MockAccessibilityService.swift */ = {isa = PBXFileReference; lastKnownFileType = sourcecode.swift; path = MockAccessibilityService.swift; sourceTree = "<group>"; };
		MOCKFILE0002 /* MockWindowEnumerator.swift */ = {isa = PBXFileReference; lastKnownFileType = sourcecode.swift; path = MockWindowEnumerator.swift; sourceTree = "<group>"; };
		MOCKFILE0003 /* MockThumbnailCache.swift */ = {isa = PBXFileReference; lastKnownFileType = sourcecode.swift; path = MockThumbnailCache.swift; sourceTree = "<group>"; };
		MOCKFILE0004 /* MockThumbnailCapture.swift */ = {isa = PBXFileReference; lastKnownFileType = sourcecode.swift; path = MockThumbnailCapture.swift; sourceTree = "<group>"; };
		MOCKFILE0005 /* MockMRUTracker.swift */ = {isa = PBXFileReference; lastKnownFileType = sourcecode.swift; path = MockMRUTracker.swift; sourceTree = "<group>"; };
		MOCKFILE0006 /* MockWindowTracker.swift */ = {isa = PBXFileReference; lastKnownFileType = sourcecode.swift; path = MockWindowTracker.swift; sourceTree = "<group>"; };
		TESTBUNDLE0001 /* AltTabTests.xctest */ = {isa = PBXFileReference; explicitFileType = wrapper.cfbundle; includeInIndex = 0; path = AltTabTests.xctest; sourceTree = BUILT_PRODUCTS_DIR; };
		TESTFILE0001 /* SanityTests.swift */ = {isa = PBXFileReference; lastKnownFileType = sourcecode.swift; path = SanityTests.swift; sourceTree = "<group>"; };
		TESTFILE0002 /* MRUTrackerTests.swift */ = {isa = PBXFileReference; lastKnownFileType = sourcecode.swift; path = MRUTrackerTests.swift; sourceTree = "<group>"; };
		TESTFILE0003 /* WindowEnumerationServiceTests.swift */ = {isa = PBXFileReference; lastKnownFileType = sourcecode.swift; path = WindowEnumerationServiceTests.swift; sourceTree = "<group>"; };
		TESTINFO0001 /* Info.plist */ = {isa = PBXFileReference; lastKnownFileType = text.plist.xml; path = Info.plist; sourceTree = "<group>"; };
/* End PBXFileReference section */

/* Begin PBXFrameworksBuildPhase section */
		A40000010000000000000001 /* Frameworks */ = {
			isa = PBXFrameworksBuildPhase;
			buildActionMask = 2147483647;
			files = (
			);
			runOnlyForDeploymentPostprocessing = 0;
		};
		TESTFWK0001 /* Frameworks */ = {
			isa = PBXFrameworksBuildPhase;
			buildActionMask = 2147483647;
			files = (
			);
			runOnlyForDeploymentPostprocessing = 0;
		};
/* End PBXFrameworksBuildPhase section */

/* Begin PBXGroup section */
		16B8B9EED885373E474CC07C /* ViewModels */ = {
			isa = PBXGroup;
			children = (
			);
			name = ViewModels;
			sourceTree = "<group>";
		};
		937925FFB5C1BD57B2205982 /* AltTabTests */ = {
			isa = PBXGroup;
			children = (
				16B8B9EED885373E474CC07C /* ViewModels */,
			);
			name = AltTabTests;
			sourceTree = "<group>";
		};
		A50000010000000000000001 = {
			isa = PBXGroup;
			children = (
				A50000020000000000000002 /* AltTab */,
				TESTGROUP0001 /* AltTabTests */,
				A50000030000000000000003 /* Products */,
			);
			sourceTree = "<group>";
		};
		A50000020000000000000002 /* AltTab */ = {
			isa = PBXGroup;
			children = (
				BF2BA1C22F847A63005B9BE3 /* AppDelegate.swift */,
				BF2BA1C02F83D59D005B9BE3 /* SettingsWindow.swift */,
				A20000010000000000000001 /* AppDelegate.swift */,
				A1010101 /* Protocols.swift */,
				A1010102 /* AccessibilityService.swift */,
				A1010103 /* WindowEnumerationService.swift */,
				A1010104 /* ThumbnailRepository.swift */,
				A20000020000000000000002 /* HotkeyManager.swift */,
				C9159495798A4356 /* MRUTracker.swift */,
				A20000030000000000000003 /* WindowModel.swift */,
				A20000040000000000000004 /* WindowCapture.swift */,
				E7F8A3B4C6D24F29 /* WindowTracker.swift */,
				A20000050000000000000005 /* SwitcherPanel.swift */,
				A20000060000000000000006 /* ThumbnailView.swift */,
				A20000070000000000000007 /* WindowActivator.swift */,
				A20000080000000000000008 /* PermissionManager.swift */,
				A20000090000000000000009 /* PreferencesMenu.swift */,
				A200001300000000000000B0 /* main.swift */,
				A2000010000000000000000A /* Assets.xcassets */,
				A2000011000000000000000B /* Info.plist */,
				A2000012000000000000000C /* AltTab.entitlements */,
				D7B27C67E3DE414C8D30BA53 /* SwitcherViewModel.swift */,
				937925FFB5C1BD57B2205982 /* AltTabTests */,
			);
			path = AltTab;
			sourceTree = "<group>";
		};
		A50000030000000000000003 /* Products */ = {
			isa = PBXGroup;
			children = (
				A3000001000000000000000D /* AltTab.app */,
				TESTBUNDLE0001 /* AltTabTests.xctest */,
			);
			name = Products;
			sourceTree = "<group>";
		};
		E0D4B284DC931BD409D872B3 /* ViewModels */ = {
			isa = PBXGroup;
			children = (
				05C17047CEAC240CED272490 /* SwitcherViewModelTests.swift */,
			);
			name = ViewModels;
			path = ViewModels;
			sourceTree = "<group>";
		};
		HELPERGROUP0001 /* Helpers */ = {
			isa = PBXGroup;
			children = (
				HELPERFILE0001 /* WindowInfoFactory.swift */,
			);
			path = Helpers;
			sourceTree = "<group>";
		};
		MOCKGROUP0001 /* Mocks */ = {
			isa = PBXGroup;
			children = (
				MOCKFILE0001 /* MockAccessibilityService.swift */,
				MOCKFILE0002 /* MockWindowEnumerator.swift */,
				MOCKFILE0003 /* MockThumbnailCache.swift */,
				MOCKFILE0004 /* MockThumbnailCapture.swift */,
				MOCKFILE0005 /* MockMRUTracker.swift */,
				MOCKFILE0006 /* MockWindowTracker.swift */,
			);
			path = Mocks;
			sourceTree = "<group>";
		};
		SERVICESGROUP0001 /* Services */ = {
			isa = PBXGroup;
			children = (
				TESTFILE0002 /* MRUTrackerTests.swift */,
				TESTFILE0003 /* WindowEnumerationServiceTests.swift */,
				6DFA125F7874BD7BE436D6A1 /* ThumbnailRepositoryTests.swift */,
				4B01C4DE25146C4EA2C03CBE /* WindowActivatorTests.swift */,
			);
			path = Services;
			sourceTree = "<group>";
		};
		TESTGROUP0001 /* AltTabTests */ = {
			isa = PBXGroup;
			children = (
				TESTFILE0001 /* SanityTests.swift */,
				SERVICESGROUP0001 /* Services */,
				MOCKGROUP0001 /* Mocks */,
				HELPERGROUP0001 /* Helpers */,
				TESTINFO0001 /* Info.plist */,
				E0D4B284DC931BD409D872B3 /* ViewModels */,
			);
			path = AltTabTests;
			sourceTree = "<group>";
		};
/* End PBXGroup section */

/* Begin PBXNativeTarget section */
		A60000010000000000000001 /* AltTab */ = {
			isa = PBXNativeTarget;
			buildConfigurationList = A80000010000000000000001 /* Build configuration list for PBXNativeTarget "AltTab" */;
			buildPhases = (
				A70000010000000000000001 /* Sources */,
				A40000010000000000000001 /* Frameworks */,
				A70000020000000000000002 /* Resources */,
			);
			buildRules = (
			);
			dependencies = (
			);
			name = AltTab;
			productName = AltTab;
			productReference = A3000001000000000000000D /* AltTab.app */;
			productType = "com.apple.product-type.application";
		};
		TESTTARGET0001 /* AltTabTests */ = {
			isa = PBXNativeTarget;
			buildConfigurationList = TESTCONFIG0001 /* Build configuration list for PBXNativeTarget "AltTabTests" */;
			buildPhases = (
				TESTSRC0001 /* Sources */,
				TESTFWK0001 /* Frameworks */,
				TESTRES0001 /* Resources */,
			);
			buildRules = (
			);
			dependencies = (
				TESTDEP0001 /* PBXTargetDependency */,
			);
			name = AltTabTests;
			productName = AltTabTests;
			productReference = TESTBUNDLE0001 /* AltTabTests.xctest */;
			productType = "com.apple.product-type.bundle.unit-test";
		};
/* End PBXNativeTarget section */

/* Begin PBXProject section */
		A90000010000000000000001 /* Project object */ = {
			isa = PBXProject;
			attributes = {
				BuildIndependentTargetsInParallel = 1;
				LastSwiftUpdateCheck = 1500;
				LastUpgradeCheck = 1500;
				TargetAttributes = {
					A60000010000000000000001 = {
						CreatedOnToolsVersion = 15.0;
					};
				};
			};
			buildConfigurationList = A80000020000000000000002 /* Build configuration list for PBXProject "AltTab" */;
			compatibilityVersion = "Xcode 14.0";
			developmentRegion = en;
			hasScannedForEncodings = 0;
			knownRegions = (
				en,
				Base,
			);
			mainGroup = A50000010000000000000001;
			productRefGroup = A50000030000000000000003 /* Products */;
			projectDirPath = "";
			projectRoot = "";
			targets = (
				A60000010000000000000001 /* AltTab */,
				TESTTARGET0001 /* AltTabTests */,
			);
		};
/* End PBXProject section */

/* Begin PBXResourcesBuildPhase section */
		A70000020000000000000002 /* Resources */ = {
			isa = PBXResourcesBuildPhase;
			buildActionMask = 2147483647;
			files = (
				A1000010000000000000000A /* Assets.xcassets in Resources */,
			);
			runOnlyForDeploymentPostprocessing = 0;
		};
		TESTRES0001 /* Resources */ = {
			isa = PBXResourcesBuildPhase;
			buildActionMask = 2147483647;
			files = (
			);
			runOnlyForDeploymentPostprocessing = 0;
		};
/* End PBXResourcesBuildPhase section */

/* Begin PBXSourcesBuildPhase section */
		A70000010000000000000001 /* Sources */ = {
			isa = PBXSourcesBuildPhase;
			buildActionMask = 2147483647;
			files = (
				BF2BA1C12F83D59D005B9BE3 /* SettingsWindow.swift in Sources */,
				A10000010000000000000001 /* AppDelegate.swift in Sources */,
				BF2BA1C32F847A63005B9BE3 /* AppDelegate.swift in Sources */,
				BA1010101 /* Protocols.swift in Sources */,
				BA1010102 /* AccessibilityService.swift in Sources */,
				BA1010103 /* WindowEnumerationService.swift in Sources */,
				BA1010104 /* ThumbnailRepository.swift in Sources */,
				A10000020000000000000002 /* HotkeyManager.swift in Sources */,
				D6D4F592F5514633 /* MRUTracker.swift in Sources */,
				A10000030000000000000003 /* WindowModel.swift in Sources */,
				A10000040000000000000004 /* WindowCapture.swift in Sources */,
				F8E9B2A3D5C14E18 /* WindowTracker.swift in Sources */,
				A10000050000000000000005 /* SwitcherPanel.swift in Sources */,
				A10000060000000000000006 /* ThumbnailView.swift in Sources */,
				A10000070000000000000007 /* WindowActivator.swift in Sources */,
				A10000080000000000000008 /* PermissionManager.swift in Sources */,
				A10000090000000000000009 /* PreferencesMenu.swift in Sources */,
				A100001100000000000000B0 /* main.swift in Sources */,
				FE233A5F962A4750821BAE1F /* SwitcherViewModel.swift in Sources */,
			);
			runOnlyForDeploymentPostprocessing = 0;
		};
		TESTSRC0001 /* Sources */ = {
			isa = PBXSourcesBuildPhase;
			buildActionMask = 2147483647;
			files = (
				TEST0001 /* SanityTests.swift in Sources */,
				TEST0002 /* MRUTrackerTests.swift in Sources */,
				TEST0003 /* WindowEnumerationServiceTests.swift in Sources */,
				MOCK0001 /* MockAccessibilityService.swift in Sources */,
				MOCK0002 /* MockWindowEnumerator.swift in Sources */,
				MOCK0003 /* MockThumbnailCache.swift in Sources */,
				MOCK0004 /* MockThumbnailCapture.swift in Sources */,
				MOCK0005 /* MockMRUTracker.swift in Sources */,
				MOCK0006 /* MockWindowTracker.swift in Sources */,
				HELPER0001 /* WindowInfoFactory.swift in Sources */,
				20901F49D669C16E4B6DF3F7 /* SwitcherViewModelTests.swift in Sources */,
				A2C9B0786BADBFA90E04D26C /* ThumbnailRepositoryTests.swift in Sources */,
				A530815F6A213E923884DFA0 /* WindowActivatorTests.swift in Sources */,
			);
			runOnlyForDeploymentPostprocessing = 0;
		};
/* End PBXSourcesBuildPhase section */

/* Begin PBXTargetDependency section */
		TESTDEP0001 /* PBXTargetDependency */ = {
			isa = PBXTargetDependency;
			target = A60000010000000000000001 /* AltTab */;
			targetProxy = TESTPROXY0001 /* PBXContainerItemProxy */;
		};
/* End PBXTargetDependency section */

/* Begin XCBuildConfiguration section */
		B10000010000000000000001 /* Debug */ = {
			isa = XCBuildConfiguration;
			buildSettings = {
				ALWAYS_SEARCH_USER_PATHS = NO;
				ASSETCATALOG_COMPILER_GENERATE_SWIFT_ASSET_SYMBOL_EXTENSIONS = YES;
				CLANG_ANALYZER_NONNULL = YES;
				CLANG_ANALYZER_NUMBER_OBJECT_CONVERSION = YES_AGGRESSIVE;
				CLANG_CXX_LANGUAGE_STANDARD = "gnu++20";
				CLANG_ENABLE_MODULES = YES;
				CLANG_ENABLE_OBJC_ARC = YES;
				CLANG_ENABLE_OBJC_WEAK = YES;
				CLANG_WARN_BLOCK_CAPTURE_AUTORELEASING = YES;
				CLANG_WARN_BOOL_CONVERSION = YES;
				CLANG_WARN_COMMA = YES;
				CLANG_WARN_CONSTANT_CONVERSION = YES;
				CLANG_WARN_DEPRECATED_OBJC_IMPLEMENTATIONS = YES;
				CLANG_WARN_DIRECT_OBJC_ISA_USAGE = YES_ERROR;
				CLANG_WARN_DOCUMENTATION_COMMENTS = YES;
				CLANG_WARN_EMPTY_BODY = YES;
				CLANG_WARN_ENUM_CONVERSION = YES;
				CLANG_WARN_INFINITE_RECURSION = YES;
				CLANG_WARN_INT_CONVERSION = YES;
				CLANG_WARN_NON_LITERAL_NULL_CONVERSION = YES;
				CLANG_WARN_OBJC_IMPLICIT_RETAIN_SELF = YES;
				CLANG_WARN_OBJC_LITERAL_CONVERSION = YES;
				CLANG_WARN_OBJC_ROOT_CLASS = YES_ERROR;
				CLANG_WARN_QUOTED_INCLUDE_IN_FRAMEWORK_HEADER = YES;
				CLANG_WARN_RANGE_LOOP_ANALYSIS = YES;
				CLANG_WARN_STRICT_PROTOTYPES = YES;
				CLANG_WARN_SUSPICIOUS_MOVE = YES;
				CLANG_WARN_UNGUARDED_AVAILABILITY = YES_AGGRESSIVE;
				CLANG_WARN_UNREACHABLE_CODE = YES;
				CLANG_WARN__DUPLICATE_METHOD_MATCH = YES;
				COPY_PHASE_STRIP = NO;
				DEBUG_INFORMATION_FORMAT = dwarf;
				ENABLE_STRICT_OBJC_MSGSEND = YES;
				ENABLE_TESTABILITY = YES;
				ENABLE_USER_SCRIPT_SANDBOXING = YES;
				GCC_C_LANGUAGE_STANDARD = gnu17;
				GCC_DYNAMIC_NO_PIC = NO;
				GCC_NO_COMMON_BLOCKS = YES;
				GCC_OPTIMIZATION_LEVEL = 0;
				GCC_PREPROCESSOR_DEFINITIONS = (
					"DEBUG=1",
					"$(inherited)",
				);
				GCC_WARN_64_TO_32_BIT_CONVERSION = YES;
				GCC_WARN_ABOUT_RETURN_TYPE = YES_ERROR;
				GCC_WARN_UNDECLARED_SELECTOR = YES;
				GCC_WARN_UNINITIALIZED_AUTOS = YES_AGGRESSIVE;
				GCC_WARN_UNUSED_FUNCTION = YES;
				GCC_WARN_UNUSED_VARIABLE = YES;
				MACOSX_DEPLOYMENT_TARGET = 14.0;
				MTL_ENABLE_DEBUG_INFO = INCLUDE_SOURCE;
				MTL_FAST_MATH = YES;
				ONLY_ACTIVE_ARCH = YES;
				SDKROOT = macosx;
				SWIFT_ACTIVE_COMPILATION_CONDITIONS = "DEBUG $(inherited)";
				SWIFT_OPTIMIZATION_LEVEL = "-Onone";
			};
			name = Debug;
		};
		B10000020000000000000002 /* Release */ = {
			isa = XCBuildConfiguration;
			buildSettings = {
				ALWAYS_SEARCH_USER_PATHS = NO;
				ASSETCATALOG_COMPILER_GENERATE_SWIFT_ASSET_SYMBOL_EXTENSIONS = YES;
				CLANG_ANALYZER_NONNULL = YES;
				CLANG_ANALYZER_NUMBER_OBJECT_CONVERSION = YES_AGGRESSIVE;
				CLANG_CXX_LANGUAGE_STANDARD = "gnu++20";
				CLANG_ENABLE_MODULES = YES;
				CLANG_ENABLE_OBJC_ARC = YES;
				CLANG_ENABLE_OBJC_WEAK = YES;
				CLANG_WARN_BLOCK_CAPTURE_AUTORELEASING = YES;
				CLANG_WARN_BOOL_CONVERSION = YES;
				CLANG_WARN_COMMA = YES;
				CLANG_WARN_CONSTANT_CONVERSION = YES;
				CLANG_WARN_DEPRECATED_OBJC_IMPLEMENTATIONS = YES;
				CLANG_WARN_DIRECT_OBJC_ISA_USAGE = YES_ERROR;
				CLANG_WARN_DOCUMENTATION_COMMENTS = YES;
				CLANG_WARN_EMPTY_BODY = YES;
				CLANG_WARN_ENUM_CONVERSION = YES;
				CLANG_WARN_INFINITE_RECURSION = YES;
				CLANG_WARN_INT_CONVERSION = YES;
				CLANG_WARN_NON_LITERAL_NULL_CONVERSION = YES;
				CLANG_WARN_OBJC_IMPLICIT_RETAIN_SELF = YES;
				CLANG_WARN_OBJC_LITERAL_CONVERSION = YES;
				CLANG_WARN_OBJC_ROOT_CLASS = YES_ERROR;
				CLANG_WARN_QUOTED_INCLUDE_IN_FRAMEWORK_HEADER = YES;
				CLANG_WARN_RANGE_LOOP_ANALYSIS = YES;
				CLANG_WARN_STRICT_PROTOTYPES = YES;
				CLANG_WARN_SUSPICIOUS_MOVE = YES;
				CLANG_WARN_UNGUARDED_AVAILABILITY = YES_AGGRESSIVE;
				CLANG_WARN_UNREACHABLE_CODE = YES;
				CLANG_WARN__DUPLICATE_METHOD_MATCH = YES;
				COPY_PHASE_STRIP = NO;
				DEBUG_INFORMATION_FORMAT = "dwarf-with-dsym";
				ENABLE_NS_ASSERTIONS = NO;
				ENABLE_STRICT_OBJC_MSGSEND = YES;
				ENABLE_USER_SCRIPT_SANDBOXING = YES;
				GCC_C_LANGUAGE_STANDARD = gnu17;
				GCC_NO_COMMON_BLOCKS = YES;
				GCC_WARN_64_TO_32_BIT_CONVERSION = YES;
				GCC_WARN_ABOUT_RETURN_TYPE = YES_ERROR;
				GCC_WARN_UNDECLARED_SELECTOR = YES;
				GCC_WARN_UNINITIALIZED_AUTOS = YES_AGGRESSIVE;
				GCC_WARN_UNUSED_FUNCTION = YES;
				GCC_WARN_UNUSED_VARIABLE = YES;
				MACOSX_DEPLOYMENT_TARGET = 14.0;
				MTL_ENABLE_DEBUG_INFO = NO;
				MTL_FAST_MATH = YES;
				SDKROOT = macosx;
				SWIFT_COMPILATION_MODE = wholemodule;
			};
			name = Release;
		};
		B10000030000000000000003 /* Debug */ = {
			isa = XCBuildConfiguration;
			buildSettings = {
				ASSETCATALOG_COMPILER_APPICON_NAME = AppIcon;
				CODE_SIGN_ENTITLEMENTS = AltTab/AltTab.entitlements;
				CODE_SIGN_STYLE = Automatic;
				COMBINE_HIDPI_IMAGES = YES;
				CURRENT_PROJECT_VERSION = 2;
				GENERATE_INFOPLIST_FILE = NO;
				INFOPLIST_FILE = AltTab/Info.plist;
				INFOPLIST_KEY_NSHumanReadableCopyright = "";
				LD_RUNPATH_SEARCH_PATHS = (
					"$(inherited)",
					"@executable_path/../Frameworks",
				);
				MARKETING_VERSION = 1.1;
				PRODUCT_BUNDLE_IDENTIFIER = com.alttab.app;
				PRODUCT_NAME = "$(TARGET_NAME)";
				SWIFT_EMIT_LOC_STRINGS = YES;
				SWIFT_VERSION = 5.0;
			};
			name = Debug;
		};
		B10000040000000000000004 /* Release */ = {
			isa = XCBuildConfiguration;
			buildSettings = {
				ASSETCATALOG_COMPILER_APPICON_NAME = AppIcon;
				CODE_SIGN_ENTITLEMENTS = AltTab/AltTab.entitlements;
				CODE_SIGN_STYLE = Automatic;
				COMBINE_HIDPI_IMAGES = YES;
				CURRENT_PROJECT_VERSION = 2;
				GENERATE_INFOPLIST_FILE = NO;
				INFOPLIST_FILE = AltTab/Info.plist;
				INFOPLIST_KEY_NSHumanReadableCopyright = "";
				LD_RUNPATH_SEARCH_PATHS = (
					"$(inherited)",
					"@executable_path/../Frameworks",
				);
				MARKETING_VERSION = 1.1;
				PRODUCT_BUNDLE_IDENTIFIER = com.alttab.app;
				PRODUCT_NAME = "$(TARGET_NAME)";
				SWIFT_EMIT_LOC_STRINGS = YES;
				SWIFT_VERSION = 5.0;
			};
			name = Release;
		};
		TESTDEBUG0001 /* Debug */ = {
			isa = XCBuildConfiguration;
			buildSettings = {
				BUNDLE_LOADER = "$(TEST_HOST)";
				CODE_SIGN_STYLE = Automatic;
				COMBINE_HIDPI_IMAGES = YES;
				CURRENT_PROJECT_VERSION = 1;
				GENERATE_INFOPLIST_FILE = NO;
				INFOPLIST_FILE = AltTabTests/Info.plist;
				LD_RUNPATH_SEARCH_PATHS = (
					"$(inherited)",
					"@executable_path/../Frameworks",
					"@loader_path/../Frameworks",
				);
				MACOSX_DEPLOYMENT_TARGET = 14.0;
				MARKETING_VERSION = 1.0;
				PRODUCT_BUNDLE_IDENTIFIER = com.alttab.app.tests;
				PRODUCT_NAME = "$(TARGET_NAME)";
				SWIFT_EMIT_LOC_STRINGS = NO;
				SWIFT_VERSION = 5.0;
				TEST_HOST = "$(BUILT_PRODUCTS_DIR)/AltTab.app/$(BUNDLE_EXECUTABLE_FOLDER_PATH)/AltTab";
			};
			name = Debug;
		};
		TESTRELEASE0001 /* Release */ = {
			isa = XCBuildConfiguration;
			buildSettings = {
				BUNDLE_LOADER = "$(TEST_HOST)";
				CODE_SIGN_STYLE = Automatic;
				COMBINE_HIDPI_IMAGES = YES;
				CURRENT_PROJECT_VERSION = 1;
				GENERATE_INFOPLIST_FILE = NO;
				INFOPLIST_FILE = AltTabTests/Info.plist;
				LD_RUNPATH_SEARCH_PATHS = (
					"$(inherited)",
					"@executable_path/../Frameworks",
					"@loader_path/../Frameworks",
				);
				MACOSX_DEPLOYMENT_TARGET = 14.0;
				MARKETING_VERSION = 1.0;
				PRODUCT_BUNDLE_IDENTIFIER = com.alttab.app.tests;
				PRODUCT_NAME = "$(TARGET_NAME)";
				SWIFT_EMIT_LOC_STRINGS = NO;
				SWIFT_VERSION = 5.0;
				TEST_HOST = "$(BUILT_PRODUCTS_DIR)/AltTab.app/$(BUNDLE_EXECUTABLE_FOLDER_PATH)/AltTab";
			};
			name = Release;
		};
/* End XCBuildConfiguration section */

/* Begin XCConfigurationList section */
		A80000010000000000000001 /* Build configuration list for PBXNativeTarget "AltTab" */ = {
			isa = XCConfigurationList;
			buildConfigurations = (
				B10000030000000000000003 /* Debug */,
				B10000040000000000000004 /* Release */,
			);
			defaultConfigurationIsVisible = 0;
			defaultConfigurationName = Release;
		};
		A80000020000000000000002 /* Build configuration list for PBXProject "AltTab" */ = {
			isa = XCConfigurationList;
			buildConfigurations = (
				B10000010000000000000001 /* Debug */,
				B10000020000000000000002 /* Release */,
			);
			defaultConfigurationIsVisible = 0;
			defaultConfigurationName = Release;
		};
		TESTCONFIG0001 /* Build configuration list for PBXNativeTarget "AltTabTests" */ = {
			isa = XCConfigurationList;
			buildConfigurations = (
				TESTDEBUG0001 /* Debug */,
				TESTRELEASE0001 /* Release */,
			);
			defaultConfigurationIsVisible = 0;
			defaultConfigurationName = Release;
		};
/* End XCConfigurationList section */
	};
	rootObject = A90000010000000000000001 /* Project object */;
}
